
Microsoft Visual Studio Solution File, Format Version 12.00
# Visual Studio Version 17
VisualStudioVersion = 17.6.33829.357
MinimumVisualStudioVersion = 10.0.40219.1
Project("{FAE04EC0-301F-11D3-BF4B-00C04F79EFBC}") = "HealthCare Plus- HMS", "HealthCare Plus- HMS\HealthCare Plus- HMS.csproj", "{DC226AF3-3255-404A-B7C6-B17DCD5021B3}"
EndProject
Global
	GlobalSection(SolutionConfigurationPlatforms) = preSolution
		Debug|Any CPU = Debug|Any CPU
		Release|Any CPU = Release|Any CPU
	EndGlobalSection
	GlobalSection(ProjectConfigurationPlatforms) = postSolution
		{DC226AF3-3255-404A-B7C6-B17DCD5021B3}.Debug|Any CPU.ActiveCfg = Debug|Any CPU
		{DC226AF3-3255-404A-B7C6-B17DCD5021B3}.Debug|Any CPU.Build.0 = Debug|Any CPU
		{DC226AF3-3255-404A-B7C6-B17DCD5021B3}.Release|Any CPU.ActiveCfg = Release|Any CPU
		{DC226AF3-3255-404A-B7C6-B17DCD5021B3}.Release|Any CPU.Build.0 = Release|Any CPU
	EndGlobalSection
	GlobalSection(SolutionProperties) = preSolution
		HideSolutionNode = FALSE
	EndGlobalSection
	GlobalSection(ExtensibilityGlobals) = postSolution
		SolutionGuid = {E92B6F3E-136E-4CFC-80D0-69DC81DF2B36}
	EndGlobalSection
EndGlobal
